{
  "name": "service-notes",
  "lockfileVersion": 3,
  "requires": true,
  "packages": {
    "": {
      "dependencies": {
        "pika": "^0.0.1-security"
      }
    },
    "node_modules/pika": {
      "version": "0.0.1-security",
      "resolved": "https://registry.npmjs.org/pika/-/pika-0.0.1-security.tgz",
      "integrity": "sha512-9JHGhKirSAnyJvAoF4/nwE0HkQQmGznZgNSWo+Yc8qqW+K9IvTy+H4wn2r17A+KHsABoVl3OXsKlKnKWZqCJ3Q=="
    }
  }
}
